
Microsoft Visual Studio Solution File, Format Version 12.00
# Visual Studio 15
VisualStudioVersion = 15.0.28307.1267
MinimumVisualStudioVersion = 10.0.40219.1
Project("{8BC9CEB8-8B4A-11D0-8D11-00A0C91BC942}") = "Network", "Network\Network.vcxproj", "{C263369A-FEF0-4FA8-A8CA-C80C8B21C645}"
EndProject
Project("{8BC9CEB8-8B4A-11D0-8D11-00A0C91BC942}") = "DMX", "DMX\DMX.vcxproj", "{9CBCCC9C-F7B5-4110-BE82-091EF999619E}"
EndProject
Project("{8BC9CEB8-8B4A-11D0-8D11-00A0C91BC942}") = "Client", "Client\Client.vcxproj", "{AA6190FC-06F6-44EE-A65E-B0E606875E3A}"
EndProject
Project("{8BC9CEB8-8B4A-11D0-8D11-00A0C91BC942}") = "Server", "Server\Server.vcxproj", "{ED753446-415E-41FC-A1D5-130B338455B0}"
EndProject
Global
	GlobalSection(SolutionConfigurationPlatforms) = preSolution
		Debug|x64 = Debug|x64
		Debug|x86 = Debug|x86
		Release|x64 = Release|x64
		Release|x86 = Release|x86
	EndGlobalSection
	GlobalSection(ProjectConfigurationPlatforms) = postSolution
		{C263369A-FEF0-4FA8-A8CA-C80C8B21C645}.Debug|x64.ActiveCfg = Debug|x64
		{C263369A-FEF0-4FA8-A8CA-C80C8B21C645}.Debug|x64.Build.0 = Debug|x64
		{C263369A-FEF0-4FA8-A8CA-C80C8B21C645}.Debug|x86.ActiveCfg = Debug|Win32
		{C263369A-FEF0-4FA8-A8CA-C80C8B21C645}.Debug|x86.Build.0 = Debug|Win32
		{C263369A-FEF0-4FA8-A8CA-C80C8B21C645}.Release|x64.ActiveCfg = Release|x64
		{C263369A-FEF0-4FA8-A8CA-C80C8B21C645}.Release|x64.Build.0 = Release|x64
		{C263369A-FEF0-4FA8-A8CA-C80C8B21C645}.Release|x86.ActiveCfg = Release|Win32
		{C263369A-FEF0-4FA8-A8CA-C80C8B21C645}.Release|x86.Build.0 = Release|Win32
		{9CBCCC9C-F7B5-4110-BE82-091EF999619E}.Debug|x64.ActiveCfg = Debug|x64
		{9CBCCC9C-F7B5-4110-BE82-091EF999619E}.Debug|x64.Build.0 = Debug|x64
		{9CBCCC9C-F7B5-4110-BE82-091EF999619E}.Debug|x86.ActiveCfg = Debug|Win32
		{9CBCCC9C-F7B5-4110-BE82-091EF999619E}.Debug|x86.Build.0 = Debug|Win32
		{9CBCCC9C-F7B5-4110-BE82-091EF999619E}.Release|x64.ActiveCfg = Release|x64
		{9CBCCC9C-F7B5-4110-BE82-091EF999619E}.Release|x64.Build.0 = Release|x64
		{9CBCCC9C-F7B5-4110-BE82-091EF999619E}.Release|x86.ActiveCfg = Release|Win32
		{9CBCCC9C-F7B5-4110-BE82-091EF999619E}.Release|x86.Build.0 = Release|Win32
		{AA6190FC-06F6-44EE-A65E-B0E606875E3A}.Debug|x64.ActiveCfg = Debug|x64
		{AA6190FC-06F6-44EE-A65E-B0E606875E3A}.Debug|x64.Build.0 = Debug|x64
		{AA6190FC-06F6-44EE-A65E-B0E606875E3A}.Debug|x86.ActiveCfg = Debug|Win32
		{AA6190FC-06F6-44EE-A65E-B0E606875E3A}.Debug|x86.Build.0 = Debug|Win32
		{AA6190FC-06F6-44EE-A65E-B0E606875E3A}.Release|x64.ActiveCfg = Release|x64
		{AA6190FC-06F6-44EE-A65E-B0E606875E3A}.Release|x64.Build.0 = Release|x64
		{AA6190FC-06F6-44EE-A65E-B0E606875E3A}.Release|x86.ActiveCfg = Release|Win32
		{AA6190FC-06F6-44EE-A65E-B0E606875E3A}.Release|x86.Build.0 = Release|Win32
		{ED753446-415E-41FC-A1D5-130B338455B0}.Debug|x64.ActiveCfg = Debug|x64
		{ED753446-415E-41FC-A1D5-130B338455B0}.Debug|x64.Build.0 = Debug|x64
		{ED753446-415E-41FC-A1D5-130B338455B0}.Debug|x86.ActiveCfg = Debug|Win32
		{ED753446-415E-41FC-A1D5-130B338455B0}.Debug|x86.Build.0 = Debug|Win32
		{ED753446-415E-41FC-A1D5-130B338455B0}.Release|x64.ActiveCfg = Release|x64
		{ED753446-415E-41FC-A1D5-130B338455B0}.Release|x64.Build.0 = Release|x64
		{ED753446-415E-41FC-A1D5-130B338455B0}.Release|x86.ActiveCfg = Release|Win32
		{ED753446-415E-41FC-A1D5-130B338455B0}.Release|x86.Build.0 = Release|Win32
	EndGlobalSection
	GlobalSection(SolutionProperties) = preSolution
		HideSolutionNode = FALSE
	EndGlobalSection
	GlobalSection(ExtensibilityGlobals) = postSolution
		SolutionGuid = {EF4EF861-888B-4CC6-A834-082A2F5A7787}
	EndGlobalSection
EndGlobal
